
Microsoft Visual Studio Solution File, Format Version 12.00
# Visual Studio Version 17
VisualStudioVersion = 17.1.32210.238
MinimumVisualStudioVersion = 10.0.40219.1
Project("{9A19103F-16F7-4668-BE54-9A1E7A4F7556}") = "Project.Service", "Project.Service\Project.Service.csproj", "{D25B44A9-332F-4110-88F7-A0D8CC199AFA}"
EndProject
Project("{9A19103F-16F7-4668-BE54-9A1E7A4F7556}") = "MVC.project", "MVC.project\MVC.project.csproj", "{2AD641D4-B3AE-4293-8C6E-B7C128C86E26}"
EndProject
Global
	GlobalSection(SolutionConfigurationPlatforms) = preSolution
		Debug|Any CPU = Debug|Any CPU
		Release|Any CPU = Release|Any CPU
	EndGlobalSection
	GlobalSection(ProjectConfigurationPlatforms) = postSolution
		{D25B44A9-332F-4110-88F7-A0D8CC199AFA}.Debug|Any CPU.ActiveCfg = Debug|Any CPU
		{D25B44A9-332F-4110-88F7-A0D8CC199AFA}.Debug|Any CPU.Build.0 = Debug|Any CPU
		{D25B44A9-332F-4110-88F7-A0D8CC199AFA}.Release|Any CPU.ActiveCfg = Release|Any CPU
		{D25B44A9-332F-4110-88F7-A0D8CC199AFA}.Release|Any CPU.Build.0 = Release|Any CPU
		{2AD641D4-B3AE-4293-8C6E-B7C128C86E26}.Debug|Any CPU.ActiveCfg = Debug|Any CPU
		{2AD641D4-B3AE-4293-8C6E-B7C128C86E26}.Debug|Any CPU.Build.0 = Debug|Any CPU
		{2AD641D4-B3AE-4293-8C6E-B7C128C86E26}.Release|Any CPU.ActiveCfg = Release|Any CPU
		{2AD641D4-B3AE-4293-8C6E-B7C128C86E26}.Release|Any CPU.Build.0 = Release|Any CPU
	EndGlobalSection
	GlobalSection(SolutionProperties) = preSolution
		HideSolutionNode = FALSE
	EndGlobalSection
	GlobalSection(ExtensibilityGlobals) = postSolution
		SolutionGuid = {40AF9ACA-FDC0-4AB4-90E8-70EBE4F68B8B}
	EndGlobalSection
EndGlobal
